// !$*UTF8*$!
{
	archiveVersion = 1;
	classes = {
	};
	objectVersion = 48;
	objects = {

/* Begin PBXBuildFile section */
		0451C50B205B530000E63C26 /* AppDelegate.m in Sources */ = {isa = PBXBuildFile; fileRef = 0451C50A205B530000E63C26 /* AppDelegate.m */; };
		0451C511205B530000E63C26 /* Main.storyboard in Resources */ = {isa = PBXBuildFile; fileRef = 0451C50F205B530000E63C26 /* Main.storyboard */; };
		0451C513205B530000E63C26 /* Assets.xcassets in Resources */ = {isa = PBXBuildFile; fileRef = 0451C512205B530000E63C26 /* Assets.xcassets */; };
		0451C516205B530000E63C26 /* LaunchScreen.storyboard in Resources */ = {isa = PBXBuildFile; fileRef = 0451C514205B530000E63C26 /* LaunchScreen.storyboard */; };
		0451C519205B530000E63C26 /* main.m in Sources */ = {isa = PBXBuildFile; fileRef = 0451C518205B530000E63C26 /* main.m */; };
		0E118EE6A77105F60A4ADC91 /* Pods_testUITests.framework in Frameworks */ = {isa = PBXBuildFile; fileRef = 9596AD8EEB1C7D5186339CE1 /* Pods_testUITests.framework */; };
		8C8C453B1E41A8619FEF012B /* Pods_testTests.framework in Frameworks */ = {isa = PBXBuildFile; fileRef = 9D2F35250E2DC967A084A7E9 /* Pods_testTests.framework */; };
		E230823E35D1B833592F533E /* Pods_test.framework in Frameworks */ = {isa = PBXBuildFile; fileRef = E36DF5F695004D9FE462BFA8 /* Pods_test.framework */; };
		EE1514CC20AC6FA700546F6A /* BaseClases.framework in Frameworks */ = {isa = PBXBuildFile; fileRef = EE1514C420AC6E3C00546F6A /* BaseClases.framework */; };
		EE1514CD20AC6FA700546F6A /* BaseClases.framework in Embed Frameworks */ = {isa = PBXBuildFile; fileRef = EE1514C420AC6E3C00546F6A /* BaseClases.framework */; settings = {ATTRIBUTES = (CodeSignOnCopy, RemoveHeadersOnCopy, ); }; };
		EE15159F20AD1D9E00546F6A /* prospect.framework in Frameworks */ = {isa = PBXBuildFile; fileRef = EE15159D20AD1D9600546F6A /* prospect.framework */; };
		EE1515A020AD1D9E00546F6A /* prospect.framework in Embed Frameworks */ = {isa = PBXBuildFile; fileRef = EE15159D20AD1D9600546F6A /* prospect.framework */; settings = {ATTRIBUTES = (CodeSignOnCopy, RemoveHeadersOnCopy, ); }; };
		EE6B6CBC20818C62001AB112 /* SystemConfiguration.framework in Frameworks */ = {isa = PBXBuildFile; fileRef = EE6B6CBB20818C62001AB112 /* SystemConfiguration.framework */; };
		EE6B6CC520818CF5001AB112 /* ImageIO.framework in Frameworks */ = {isa = PBXBuildFile; fileRef = EE6B6CBD20818CF4001AB112 /* ImageIO.framework */; };
		EE6B6CC620818CF5001AB112 /* libc++.tbd in Frameworks */ = {isa = PBXBuildFile; fileRef = EE6B6CBE20818CF5001AB112 /* libc++.tbd */; };
		EE6B6CC720818CF5001AB112 /* libicucore.tbd in Frameworks */ = {isa = PBXBuildFile; fileRef = EE6B6CBF20818CF5001AB112 /* libicucore.tbd */; };
		EE6B6CC820818CF5001AB112 /* libz.tbd in Frameworks */ = {isa = PBXBuildFile; fileRef = EE6B6CC020818CF5001AB112 /* libz.tbd */; };
		EE6B6CC920818CF5001AB112 /* OpenGLES.framework in Frameworks */ = {isa = PBXBuildFile; fileRef = EE6B6CC120818CF5001AB112 /* OpenGLES.framework */; };
		EE6B6CCA20818CF5001AB112 /* AVFoundation.framework in Frameworks */ = {isa = PBXBuildFile; fileRef = EE6B6CC220818CF5001AB112 /* AVFoundation.framework */; };
		EE6B6CCB20818CF5001AB112 /* QuartzCore.framework in Frameworks */ = {isa = PBXBuildFile; fileRef = EE6B6CC320818CF5001AB112 /* QuartzCore.framework */; };
		EE6B6CCC20818CF5001AB112 /* GLKit.framework in Frameworks */ = {isa = PBXBuildFile; fileRef = EE6B6CC420818CF5001AB112 /* GLKit.framework */; };
		EE79F082206B2C7F00C16C7B /* ViewController.m in Sources */ = {isa = PBXBuildFile; fileRef = EE79F081206B2C7F00C16C7B /* ViewController.m */; };
		EEBE764820618BAD004F6CD0 /* CoreData.framework in Frameworks */ = {isa = PBXBuildFile; fileRef = EEBE764520618BAD004F6CD0 /* CoreData.framework */; };
		EEBE764920618BAD004F6CD0 /* CoreLocation.framework in Frameworks */ = {isa = PBXBuildFile; fileRef = EEBE764620618BAD004F6CD0 /* CoreLocation.framework */; };
		EEBE764A20618BAD004F6CD0 /* Foundation.framework in Frameworks */ = {isa = PBXBuildFile; fileRef = EEBE764720618BAD004F6CD0 /* Foundation.framework */; };
/* End PBXBuildFile section */

/* Begin PBXContainerItemProxy section */
		0451C51F205B530000E63C26 /* PBXContainerItemProxy */ = {
			isa = PBXContainerItemProxy;
			containerPortal = 0451C4FE205B530000E63C26 /* Project object */;
			proxyType = 1;
			remoteGlobalIDString = 0451C505205B530000E63C26;
			remoteInfo = test;
		};
		0451C52A205B530000E63C26 /* PBXContainerItemProxy */ = {
			isa = PBXContainerItemProxy;
			containerPortal = 0451C4FE205B530000E63C26 /* Project object */;
			proxyType = 1;
			remoteGlobalIDString = 0451C505205B530000E63C26;
			remoteInfo = test;
		};
/* End PBXContainerItemProxy section */

/* Begin PBXCopyFilesBuildPhase section */
		043A6A22208A63CC00FB97DD /* Embed Frameworks */ = {
			isa = PBXCopyFilesBuildPhase;
			buildActionMask = 2147483647;
			dstPath = "";
			dstSubfolderSpec = 10;
			files = (
				EE1515A020AD1D9E00546F6A /* prospect.framework in Embed Frameworks */,
				EE1514CD20AC6FA700546F6A /* BaseClases.framework in Embed Frameworks */,
			);
			name = "Embed Frameworks";
			runOnlyForDeploymentPostprocessing = 0;
		};
/* End PBXCopyFilesBuildPhase section */

/* Begin PBXFileReference section */
		0451C506205B530000E63C26 /* test.app */ = {isa = PBXFileReference; explicitFileType = wrapper.application; includeInIndex = 0; path = test.app; sourceTree = BUILT_PRODUCTS_DIR; };
		0451C509205B530000E63C26 /* AppDelegate.h */ = {isa = PBXFileReference; lastKnownFileType = sourcecode.c.h; path = AppDelegate.h; sourceTree = "<group>"; };
		0451C50A205B530000E63C26 /* AppDelegate.m */ = {isa = PBXFileReference; lastKnownFileType = sourcecode.c.objc; path = AppDelegate.m; sourceTree = "<group>"; };
		0451C50C205B530000E63C26 /* ViewController.h */ = {isa = PBXFileReference; lastKnownFileType = sourcecode.c.h; path = ViewController.h; sourceTree = "<group>"; };
		0451C510205B530000E63C26 /* Base */ = {isa = PBXFileReference; lastKnownFileType = file.storyboard; name = Base; path = Base.lproj/Main.storyboard; sourceTree = "<group>"; };
		0451C512205B530000E63C26 /* Assets.xcassets */ = {isa = PBXFileReference; lastKnownFileType = folder.assetcatalog; path = Assets.xcassets; sourceTree = "<group>"; };
		0451C515205B530000E63C26 /* Base */ = {isa = PBXFileReference; lastKnownFileType = file.storyboard; name = Base; path = Base.lproj/LaunchScreen.storyboard; sourceTree = "<group>"; };
		0451C517205B530000E63C26 /* Info.plist */ = {isa = PBXFileReference; lastKnownFileType = text.plist.xml; path = Info.plist; sourceTree = "<group>"; };
		0451C518205B530000E63C26 /* main.m */ = {isa = PBXFileReference; lastKnownFileType = sourcecode.c.objc; path = main.m; sourceTree = "<group>"; };
		0451C51E205B530000E63C26 /* testTests.xctest */ = {isa = PBXFileReference; explicitFileType = wrapper.cfbundle; includeInIndex = 0; path = testTests.xctest; sourceTree = BUILT_PRODUCTS_DIR; };
		0451C529205B530000E63C26 /* testUITests.xctest */ = {isa = PBXFileReference; explicitFileType = wrapper.cfbundle; includeInIndex = 0; path = testUITests.xctest; sourceTree = BUILT_PRODUCTS_DIR; };
		487DDACF718CD69A7B25DA22 /* Pods-testTests.debug.xcconfig */ = {isa = PBXFileReference; includeInIndex = 1; lastKnownFileType = text.xcconfig; name = "Pods-testTests.debug.xcconfig"; path = "Pods/Target Support Files/Pods-testTests/Pods-testTests.debug.xcconfig"; sourceTree = "<group>"; };
		4C1B4636A3EA6C41E8884263 /* Pods-testUITests.release.xcconfig */ = {isa = PBXFileReference; includeInIndex = 1; lastKnownFileType = text.xcconfig; name = "Pods-testUITests.release.xcconfig"; path = "Pods/Target Support Files/Pods-testUITests/Pods-testUITests.release.xcconfig"; sourceTree = "<group>"; };
		69E693C720896491001DD7AA /* test.xcworkspace */ = {isa = PBXFileReference; lastKnownFileType = wrapper.workspace; path = test.xcworkspace; sourceTree = "<group>"; };
		903D8D0C10F28FE2696A1856 /* Pods-testUITests.debug.xcconfig */ = {isa = PBXFileReference; includeInIndex = 1; lastKnownFileType = text.xcconfig; name = "Pods-testUITests.debug.xcconfig"; path = "Pods/Target Support Files/Pods-testUITests/Pods-testUITests.debug.xcconfig"; sourceTree = "<group>"; };
		9596AD8EEB1C7D5186339CE1 /* Pods_testUITests.framework */ = {isa = PBXFileReference; explicitFileType = wrapper.framework; includeInIndex = 0; path = Pods_testUITests.framework; sourceTree = BUILT_PRODUCTS_DIR; };
		9D2F35250E2DC967A084A7E9 /* Pods_testTests.framework */ = {isa = PBXFileReference; explicitFileType = wrapper.framework; includeInIndex = 0; path = Pods_testTests.framework; sourceTree = BUILT_PRODUCTS_DIR; };
		A823759B054A0B11DBE67B12 /* Pods-testTests.release.xcconfig */ = {isa = PBXFileReference; includeInIndex = 1; lastKnownFileType = text.xcconfig; name = "Pods-testTests.release.xcconfig"; path = "Pods/Target Support Files/Pods-testTests/Pods-testTests.release.xcconfig"; sourceTree = "<group>"; };
		CFDE71F3EA4CDF170A33487C /* Pods-test.release.xcconfig */ = {isa = PBXFileReference; includeInIndex = 1; lastKnownFileType = text.xcconfig; name = "Pods-test.release.xcconfig"; path = "Pods/Target Support Files/Pods-test/Pods-test.release.xcconfig"; sourceTree = "<group>"; };
		E36DF5F695004D9FE462BFA8 /* Pods_test.framework */ = {isa = PBXFileReference; explicitFileType = wrapper.framework; includeInIndex = 0; path = Pods_test.framework; sourceTree = BUILT_PRODUCTS_DIR; };
		EE1514C420AC6E3C00546F6A /* BaseClases.framework */ = {isa = PBXFileReference; lastKnownFileType = wrapper.framework; path = BaseClases.framework; sourceTree = "<group>"; };
		EE15159D20AD1D9600546F6A /* prospect.framework */ = {isa = PBXFileReference; lastKnownFileType = wrapper.framework; path = prospect.framework; sourceTree = "<group>"; };
		EE6B6CBB20818C62001AB112 /* SystemConfiguration.framework */ = {isa = PBXFileReference; lastKnownFileType = wrapper.framework; name = SystemConfiguration.framework; path = System/Library/Frameworks/SystemConfiguration.framework; sourceTree = SDKROOT; };
		EE6B6CBD20818CF4001AB112 /* ImageIO.framework */ = {isa = PBXFileReference; lastKnownFileType = wrapper.framework; name = ImageIO.framework; path = System/Library/Frameworks/ImageIO.framework; sourceTree = SDKROOT; };
		EE6B6CBE20818CF5001AB112 /* libc++.tbd */ = {isa = PBXFileReference; lastKnownFileType = "sourcecode.text-based-dylib-definition"; name = "libc++.tbd"; path = "usr/lib/libc++.tbd"; sourceTree = SDKROOT; };
		EE6B6CBF20818CF5001AB112 /* libicucore.tbd */ = {isa = PBXFileReference; lastKnownFileType = "sourcecode.text-based-dylib-definition"; name = libicucore.tbd; path = usr/lib/libicucore.tbd; sourceTree = SDKROOT; };
		EE6B6CC020818CF5001AB112 /* libz.tbd */ = {isa = PBXFileReference; lastKnownFileType = "sourcecode.text-based-dylib-definition"; name = libz.tbd; path = usr/lib/libz.tbd; sourceTree = SDKROOT; };
		EE6B6CC120818CF5001AB112 /* OpenGLES.framework */ = {isa = PBXFileReference; lastKnownFileType = wrapper.framework; name = OpenGLES.framework; path = System/Library/Frameworks/OpenGLES.framework; sourceTree = SDKROOT; };
		EE6B6CC220818CF5001AB112 /* AVFoundation.framework */ = {isa = PBXFileReference; lastKnownFileType = wrapper.framework; name = AVFoundation.framework; path = System/Library/Frameworks/AVFoundation.framework; sourceTree = SDKROOT; };
		EE6B6CC320818CF5001AB112 /* QuartzCore.framework */ = {isa = PBXFileReference; lastKnownFileType = wrapper.framework; name = QuartzCore.framework; path = System/Library/Frameworks/QuartzCore.framework; sourceTree = SDKROOT; };
		EE6B6CC420818CF5001AB112 /* GLKit.framework */ = {isa = PBXFileReference; lastKnownFileType = wrapper.framework; name = GLKit.framework; path = System/Library/Frameworks/GLKit.framework; sourceTree = SDKROOT; };
		EE79F081206B2C7F00C16C7B /* ViewController.m */ = {isa = PBXFileReference; fileEncoding = 4; lastKnownFileType = sourcecode.c.objc; path = ViewController.m; sourceTree = "<group>"; };
		EEBE764520618BAD004F6CD0 /* CoreData.framework */ = {isa = PBXFileReference; lastKnownFileType = wrapper.framework; name = CoreData.framework; path = System/Library/Frameworks/CoreData.framework; sourceTree = SDKROOT; };
		EEBE764620618BAD004F6CD0 /* CoreLocation.framework */ = {isa = PBXFileReference; lastKnownFileType = wrapper.framework; name = CoreLocation.framework; path = System/Library/Frameworks/CoreLocation.framework; sourceTree = SDKROOT; };
		EEBE764720618BAD004F6CD0 /* Foundation.framework */ = {isa = PBXFileReference; lastKnownFileType = wrapper.framework; name = Foundation.framework; path = System/Library/Frameworks/Foundation.framework; sourceTree = SDKROOT; };
		FD4A501A075DD051EDE71043 /* Pods-test.debug.xcconfig */ = {isa = PBXFileReference; includeInIndex = 1; lastKnownFileType = text.xcconfig; name = "Pods-test.debug.xcconfig"; path = "Pods/Target Support Files/Pods-test/Pods-test.debug.xcconfig"; sourceTree = "<group>"; };
/* End PBXFileReference section */

/* Begin PBXFrameworksBuildPhase section */
		0451C503205B530000E63C26 /* Frameworks */ = {
			isa = PBXFrameworksBuildPhase;
			buildActionMask = 2147483647;
			files = (
				EE6B6CC520818CF5001AB112 /* ImageIO.framework in Frameworks */,
				EE6B6CC620818CF5001AB112 /* libc++.tbd in Frameworks */,
				EE6B6CC720818CF5001AB112 /* libicucore.tbd in Frameworks */,
				EE15159F20AD1D9E00546F6A /* prospect.framework in Frameworks */,
				EE6B6CC820818CF5001AB112 /* libz.tbd in Frameworks */,
				EE6B6CC920818CF5001AB112 /* OpenGLES.framework in Frameworks */,
				EE6B6CCA20818CF5001AB112 /* AVFoundation.framework in Frameworks */,
				EE6B6CCB20818CF5001AB112 /* QuartzCore.framework in Frameworks */,
				EE1514CC20AC6FA700546F6A /* BaseClases.framework in Frameworks */,
				EE6B6CCC20818CF5001AB112 /* GLKit.framework in Frameworks */,
				EEBE764820618BAD004F6CD0 /* CoreData.framework in Frameworks */,
				EEBE764920618BAD004F6CD0 /* CoreLocation.framework in Frameworks */,
				EE6B6CBC20818C62001AB112 /* SystemConfiguration.framework in Frameworks */,
				EEBE764A20618BAD004F6CD0 /* Foundation.framework in Frameworks */,
				E230823E35D1B833592F533E /* Pods_test.framework in Frameworks */,
			);
			runOnlyForDeploymentPostprocessing = 0;
		};
		0451C51B205B530000E63C26 /* Frameworks */ = {
			isa = PBXFrameworksBuildPhase;
			buildActionMask = 2147483647;
			files = (
				8C8C453B1E41A8619FEF012B /* Pods_testTests.framework in Frameworks */,
			);
			runOnlyForDeploymentPostprocessing = 0;
		};
		0451C526205B530000E63C26 /* Frameworks */ = {
			isa = PBXFrameworksBuildPhase;
			buildActionMask = 2147483647;
			files = (
				0E118EE6A77105F60A4ADC91 /* Pods_testUITests.framework in Frameworks */,
			);
			runOnlyForDeploymentPostprocessing = 0;
		};
/* End PBXFrameworksBuildPhase section */

/* Begin PBXGroup section */
		0451C4FD205B530000E63C26 = {
			isa = PBXGroup;
			children = (
				EE15159D20AD1D9600546F6A /* prospect.framework */,
				EE1514C420AC6E3C00546F6A /* BaseClases.framework */,
				69E693C720896491001DD7AA /* test.xcworkspace */,
				0451C508205B530000E63C26 /* test */,
				0451C507205B530000E63C26 /* Products */,
				75A87CF4B7A1D41530E75985 /* Frameworks */,
				61AD32FC5354426080306187 /* Pods */,
			);
			sourceTree = "<group>";
		};
		0451C507205B530000E63C26 /* Products */ = {
			isa = PBXGroup;
			children = (
				0451C506205B530000E63C26 /* test.app */,
				0451C51E205B530000E63C26 /* testTests.xctest */,
				0451C529205B530000E63C26 /* testUITests.xctest */,
			);
			name = Products;
			sourceTree = "<group>";
		};
		0451C508205B530000E63C26 /* test */ = {
			isa = PBXGroup;
			children = (
				0451C509205B530000E63C26 /* AppDelegate.h */,
				0451C50A205B530000E63C26 /* AppDelegate.m */,
				0451C50C205B530000E63C26 /* ViewController.h */,
				EE79F081206B2C7F00C16C7B /* ViewController.m */,
				0451C50F205B530000E63C26 /* Main.storyboard */,
				0451C512205B530000E63C26 /* Assets.xcassets */,
				0451C514205B530000E63C26 /* LaunchScreen.storyboard */,
				0451C517205B530000E63C26 /* Info.plist */,
				0451C518205B530000E63C26 /* main.m */,
			);
			path = test;
			sourceTree = "<group>";
		};
		61AD32FC5354426080306187 /* Pods */ = {
			isa = PBXGroup;
			children = (
				FD4A501A075DD051EDE71043 /* Pods-test.debug.xcconfig */,
				CFDE71F3EA4CDF170A33487C /* Pods-test.release.xcconfig */,
				487DDACF718CD69A7B25DA22 /* Pods-testTests.debug.xcconfig */,
				A823759B054A0B11DBE67B12 /* Pods-testTests.release.xcconfig */,
				903D8D0C10F28FE2696A1856 /* Pods-testUITests.debug.xcconfig */,
				4C1B4636A3EA6C41E8884263 /* Pods-testUITests.release.xcconfig */,
			);
			name = Pods;
			sourceTree = "<group>";
		};
		75A87CF4B7A1D41530E75985 /* Frameworks */ = {
			isa = PBXGroup;
			children = (
				EE6B6CC220818CF5001AB112 /* AVFoundation.framework */,
				EE6B6CC420818CF5001AB112 /* GLKit.framework */,
				EE6B6CBD20818CF4001AB112 /* ImageIO.framework */,
				EE6B6CBE20818CF5001AB112 /* libc++.tbd */,
				EE6B6CBF20818CF5001AB112 /* libicucore.tbd */,
				EE6B6CC020818CF5001AB112 /* libz.tbd */,
				EE6B6CC120818CF5001AB112 /* OpenGLES.framework */,
				EE6B6CC320818CF5001AB112 /* QuartzCore.framework */,
				EE6B6CBB20818C62001AB112 /* SystemConfiguration.framework */,
				EEBE764520618BAD004F6CD0 /* CoreData.framework */,
				EEBE764620618BAD004F6CD0 /* CoreLocation.framework */,
				EEBE764720618BAD004F6CD0 /* Foundation.framework */,
				E36DF5F695004D9FE462BFA8 /* Pods_test.framework */,
				9D2F35250E2DC967A084A7E9 /* Pods_testTests.framework */,
				9596AD8EEB1C7D5186339CE1 /* Pods_testUITests.framework */,
			);
			name = Frameworks;
			sourceTree = "<group>";
		};
/* End PBXGroup section */

/* Begin PBXNativeTarget section */
		0451C505205B530000E63C26 /* test */ = {
			isa = PBXNativeTarget;
			buildConfigurationList = 0451C532205B530000E63C26 /* Build configuration list for PBXNativeTarget "test" */;
			buildPhases = (
				B9201E041E7856ACED0EFCA6 /* [CP] Check Pods Manifest.lock */,
				0451C502205B530000E63C26 /* Sources */,
				0451C503205B530000E63C26 /* Frameworks */,
				0451C504205B530000E63C26 /* Resources */,
				EE26E31E207FDA4A00DE4EF2 /* ShellScript */,
				043A6A22208A63CC00FB97DD /* Embed Frameworks */,
				6FD9B35E0DD0DFE37DE5B624 /* [CP] Embed Pods Frameworks */,
				5D0B20E6D6C9012D4A3BA3D1 /* [CP] Copy Pods Resources */,
			);
			buildRules = (
			);
			dependencies = (
			);
			name = test;
			productName = test;
			productReference = 0451C506205B530000E63C26 /* test.app */;
			productType = "com.apple.product-type.application";
		};
		0451C51D205B530000E63C26 /* testTests */ = {
			isa = PBXNativeTarget;
			buildConfigurationList = 0451C535205B530000E63C26 /* Build configuration list for PBXNativeTarget "testTests" */;
			buildPhases = (
				23E64D3D03302B5BFFFDAAFE /* [CP] Check Pods Manifest.lock */,
				0451C51A205B530000E63C26 /* Sources */,
				0451C51B205B530000E63C26 /* Frameworks */,
				0451C51C205B530000E63C26 /* Resources */,
				7A56D7C4D18571A373253BB5 /* [CP] Embed Pods Frameworks */,
				D79D8750FA8AA70E7A6F20AF /* [CP] Copy Pods Resources */,
			);
			buildRules = (
			);
			dependencies = (
				0451C520205B530000E63C26 /* PBXTargetDependency */,
			);
			name = testTests;
			productName = testTests;
			productReference = 0451C51E205B530000E63C26 /* testTests.xctest */;
			productType = "com.apple.product-type.bundle.unit-test";
		};
		0451C528205B530000E63C26 /* testUITests */ = {
			isa = PBXNativeTarget;
			buildConfigurationList = 0451C538205B530000E63C26 /* Build configuration list for PBXNativeTarget "testUITests" */;
			buildPhases = (
				A208495552882715E9583371 /* [CP] Check Pods Manifest.lock */,
				0451C525205B530000E63C26 /* Sources */,
				0451C526205B530000E63C26 /* Frameworks */,
				0451C527205B530000E63C26 /* Resources */,
				E7FBFDAB816FFDEF5BE74D80 /* [CP] Embed Pods Frameworks */,
				0936518033FE99DFAE804A9C /* [CP] Copy Pods Resources */,
			);
			buildRules = (
			);
			dependencies = (
				0451C52B205B530000E63C26 /* PBXTargetDependency */,
			);
			name = testUITests;
			productName = testUITests;
			productReference = 0451C529205B530000E63C26 /* testUITests.xctest */;
			productType = "com.apple.product-type.bundle.ui-testing";
		};
/* End PBXNativeTarget section */

/* Begin PBXProject section */
		0451C4FE205B530000E63C26 /* Project object */ = {
			isa = PBXProject;
			attributes = {
				LastUpgradeCheck = 0900;
				ORGANIZATIONNAME = alpha;
				TargetAttributes = {
					0451C505205B530000E63C26 = {
						CreatedOnToolsVersion = 9.0;
						LastSwiftMigration = 0920;
						ProvisioningStyle = Automatic;
					};
					0451C51D205B530000E63C26 = {
						CreatedOnToolsVersion = 9.0;
						ProvisioningStyle = Automatic;
						TestTargetID = 0451C505205B530000E63C26;
					};
					0451C528205B530000E63C26 = {
						CreatedOnToolsVersion = 9.0;
						ProvisioningStyle = Automatic;
						TestTargetID = 0451C505205B530000E63C26;
					};
				};
			};
			buildConfigurationList = 0451C501205B530000E63C26 /* Build configuration list for PBXProject "test" */;
			compatibilityVersion = "Xcode 8.0";
			developmentRegion = en;
			hasScannedForEncodings = 0;
			knownRegions = (
				en,
				Base,
			);
			mainGroup = 0451C4FD205B530000E63C26;
			productRefGroup = 0451C507205B530000E63C26 /* Products */;
			projectDirPath = "";
			projectRoot = "";
			targets = (
				0451C505205B530000E63C26 /* test */,
				0451C51D205B530000E63C26 /* testTests */,
				0451C528205B530000E63C26 /* testUITests */,
			);
		};
/* End PBXProject section */

/* Begin PBXResourcesBuildPhase section */
		0451C504205B530000E63C26 /* Resources */ = {
			isa = PBXResourcesBuildPhase;
			buildActionMask = 2147483647;
			files = (
				0451C516205B530000E63C26 /* LaunchScreen.storyboard in Resources */,
				0451C513205B530000E63C26 /* Assets.xcassets in Resources */,
				0451C511205B530000E63C26 /* Main.storyboard in Resources */,
			);
			runOnlyForDeploymentPostprocessing = 0;
		};
		0451C51C205B530000E63C26 /* Resources */ = {
			isa = PBXResourcesBuildPhase;
			buildActionMask = 2147483647;
			files = (
			);
			runOnlyForDeploymentPostprocessing = 0;
		};
		0451C527205B530000E63C26 /* Resources */ = {
			isa = PBXResourcesBuildPhase;
			buildActionMask = 2147483647;
			files = (
			);
			runOnlyForDeploymentPostprocessing = 0;
		};
/* End PBXResourcesBuildPhase section */

/* Begin PBXShellScriptBuildPhase section */
		0936518033FE99DFAE804A9C /* [CP] Copy Pods Resources */ = {
			isa = PBXShellScriptBuildPhase;
			buildActionMask = 2147483647;
			files = (
			);
			inputPaths = (
			);
			name = "[CP] Copy Pods Resources";
			outputPaths = (
			);
			runOnlyForDeploymentPostprocessing = 0;
			shellPath = /bin/sh;
			shellScript = "\"${SRCROOT}/Pods/Target Support Files/Pods-testUITests/Pods-testUITests-resources.sh\"\n";
			showEnvVarsInLog = 0;
		};
		23E64D3D03302B5BFFFDAAFE /* [CP] Check Pods Manifest.lock */ = {
			isa = PBXShellScriptBuildPhase;
			buildActionMask = 2147483647;
			files = (
			);
			inputPaths = (
				"${PODS_PODFILE_DIR_PATH}/Podfile.lock",
				"${PODS_ROOT}/Manifest.lock",
			);
			name = "[CP] Check Pods Manifest.lock";
			outputPaths = (
				"$(DERIVED_FILE_DIR)/Pods-testTests-checkManifestLockResult.txt",
			);
			runOnlyForDeploymentPostprocessing = 0;
			shellPath = /bin/sh;
			shellScript = "diff \"${PODS_PODFILE_DIR_PATH}/Podfile.lock\" \"${PODS_ROOT}/Manifest.lock\" > /dev/null\nif [ $? != 0 ] ; then\n    # print error to STDERR\n    echo \"error: The sandbox is not in sync with the Podfile.lock. Run 'pod install' or update your CocoaPods installation.\" >&2\n    exit 1\nfi\n# This output is used by Xcode 'outputs' to avoid re-running this script phase.\necho \"SUCCESS\" > \"${SCRIPT_OUTPUT_FILE_0}\"\n";
			showEnvVarsInLog = 0;
		};
		5D0B20E6D6C9012D4A3BA3D1 /* [CP] Copy Pods Resources */ = {
			isa = PBXShellScriptBuildPhase;
			buildActionMask = 2147483647;
			files = (
			);
			inputPaths = (
				"${SRCROOT}/Pods/Target Support Files/Pods-test/Pods-test-resources.sh",
				"${PODS_ROOT}/GoogleMaps/Maps/Frameworks/GoogleMaps.framework/Resources/GoogleMaps.bundle",
				"${PODS_ROOT}/GooglePlaces/Frameworks/GooglePlaces.framework/Resources/GooglePlaces.bundle",
			);
			name = "[CP] Copy Pods Resources";
			outputPaths = (
				"${TARGET_BUILD_DIR}/${UNLOCALIZED_RESOURCES_FOLDER_PATH}/GoogleMaps.bundle",
				"${TARGET_BUILD_DIR}/${UNLOCALIZED_RESOURCES_FOLDER_PATH}/GooglePlaces.bundle",
			);
			runOnlyForDeploymentPostprocessing = 0;
			shellPath = /bin/sh;
			shellScript = "\"${SRCROOT}/Pods/Target Support Files/Pods-test/Pods-test-resources.sh\"\n";
			showEnvVarsInLog = 0;
		};
		6FD9B35E0DD0DFE37DE5B624 /* [CP] Embed Pods Frameworks */ = {
			isa = PBXShellScriptBuildPhase;
			buildActionMask = 2147483647;
			files = (
			);
			inputPaths = (
				"${SRCROOT}/Pods/Target Support Files/Pods-test/Pods-test-frameworks.sh",
				"${BUILT_PRODUCTS_DIR}/ActionSheetPicker-3.0/ActionSheetPicker_3_0.framework",
				"${BUILT_PRODUCTS_DIR}/Alamofire/Alamofire.framework",
				"${BUILT_PRODUCTS_DIR}/Alamofire-Synchronous/Alamofire_Synchronous.framework",
				"${BUILT_PRODUCTS_DIR}/AlamofireObjectMapper/AlamofireObjectMapper.framework",
				"${BUILT_PRODUCTS_DIR}/CreditCardForm/CreditCardForm.framework",
				"${BUILT_PRODUCTS_DIR}/CreditCardValidator/CreditCardValidator.framework",
				"${BUILT_PRODUCTS_DIR}/IPDFCameraViewController/IPDFCameraViewController.framework",
				"${BUILT_PRODUCTS_DIR}/IQKeyboardManagerSwift/IQKeyboardManagerSwift.framework",
				"${BUILT_PRODUCTS_DIR}/ObjectMapper/ObjectMapper.framework",
				"${BUILT_PRODUCTS_DIR}/PKHUD/PKHUD.framework",
				"${BUILT_PRODUCTS_DIR}/Realm/Realm.framework",
				"${BUILT_PRODUCTS_DIR}/RealmSwift/RealmSwift.framework",
				"${BUILT_PRODUCTS_DIR}/UICircularProgressRing/UICircularProgressRing.framework",
				"${BUILT_PRODUCTS_DIR}/moa/moa.framework",
			);
			name = "[CP] Embed Pods Frameworks";
			outputPaths = (
				"${TARGET_BUILD_DIR}/${FRAMEWORKS_FOLDER_PATH}/ActionSheetPicker_3_0.framework",
				"${TARGET_BUILD_DIR}/${FRAMEWORKS_FOLDER_PATH}/Alamofire.framework",
				"${TARGET_BUILD_DIR}/${FRAMEWORKS_FOLDER_PATH}/Alamofire_Synchronous.framework",
				"${TARGET_BUILD_DIR}/${FRAMEWORKS_FOLDER_PATH}/AlamofireObjectMapper.framework",
				"${TARGET_BUILD_DIR}/${FRAMEWORKS_FOLDER_PATH}/CreditCardForm.framework",
				"${TARGET_BUILD_DIR}/${FRAMEWORKS_FOLDER_PATH}/CreditCardValidator.framework",
				"${TARGET_BUILD_DIR}/${FRAMEWORKS_FOLDER_PATH}/IPDFCameraViewController.framework",
				"${TARGET_BUILD_DIR}/${FRAMEWORKS_FOLDER_PATH}/IQKeyboardManagerSwift.framework",
				"${TARGET_BUILD_DIR}/${FRAMEWORKS_FOLDER_PATH}/ObjectMapper.framework",
				"${TARGET_BUILD_DIR}/${FRAMEWORKS_FOLDER_PATH}/PKHUD.framework",
				"${TARGET_BUILD_DIR}/${FRAMEWORKS_FOLDER_PATH}/Realm.framework",
				"${TARGET_BUILD_DIR}/${FRAMEWORKS_FOLDER_PATH}/RealmSwift.framework",
				"${TARGET_BUILD_DIR}/${FRAMEWORKS_FOLDER_PATH}/UICircularProgressRing.framework",
				"${TARGET_BUILD_DIR}/${FRAMEWORKS_FOLDER_PATH}/moa.framework",
			);
			runOnlyForDeploymentPostprocessing = 0;
			shellPath = /bin/sh;
			shellScript = "\"${SRCROOT}/Pods/Target Support Files/Pods-test/Pods-test-frameworks.sh\"\n";
			showEnvVarsInLog = 0;
		};
		7A56D7C4D18571A373253BB5 /* [CP] Embed Pods Frameworks */ = {
			isa = PBXShellScriptBuildPhase;
			buildActionMask = 2147483647;
			files = (
			);
			inputPaths = (
			);
			name = "[CP] Embed Pods Frameworks";
			outputPaths = (
			);
			runOnlyForDeploymentPostprocessing = 0;
			shellPath = /bin/sh;
			shellScript = "\"${SRCROOT}/Pods/Target Support Files/Pods-testTests/Pods-testTests-frameworks.sh\"\n";
			showEnvVarsInLog = 0;
		};
		A208495552882715E9583371 /* [CP] Check Pods Manifest.lock */ = {
			isa = PBXShellScriptBuildPhase;
			buildActionMask = 2147483647;
			files = (
			);
			inputPaths = (
				"${PODS_PODFILE_DIR_PATH}/Podfile.lock",
				"${PODS_ROOT}/Manifest.lock",
			);
			name = "[CP] Check Pods Manifest.lock";
			outputPaths = (
				"$(DERIVED_FILE_DIR)/Pods-testUITests-checkManifestLockResult.txt",
			);
			runOnlyForDeploymentPostprocessing = 0;
			shellPath = /bin/sh;
			shellScript = "diff \"${PODS_PODFILE_DIR_PATH}/Podfile.lock\" \"${PODS_ROOT}/Manifest.lock\" > /dev/null\nif [ $? != 0 ] ; then\n    # print error to STDERR\n    echo \"error: The sandbox is not in sync with the Podfile.lock. Run 'pod install' or update your CocoaPods installation.\" >&2\n    exit 1\nfi\n# This output is used by Xcode 'outputs' to avoid re-running this script phase.\necho \"SUCCESS\" > \"${SCRIPT_OUTPUT_FILE_0}\"\n";
			showEnvVarsInLog = 0;
		};
		B9201E041E7856ACED0EFCA6 /* [CP] Check Pods Manifest.lock */ = {
			isa = PBXShellScriptBuildPhase;
			buildActionMask = 2147483647;
			files = (
			);
			inputPaths = (
				"${PODS_PODFILE_DIR_PATH}/Podfile.lock",
				"${PODS_ROOT}/Manifest.lock",
			);
			name = "[CP] Check Pods Manifest.lock";
			outputPaths = (
				"$(DERIVED_FILE_DIR)/Pods-test-checkManifestLockResult.txt",
			);
			runOnlyForDeploymentPostprocessing = 0;
			shellPath = /bin/sh;
			shellScript = "diff \"${PODS_PODFILE_DIR_PATH}/Podfile.lock\" \"${PODS_ROOT}/Manifest.lock\" > /dev/null\nif [ $? != 0 ] ; then\n    # print error to STDERR\n    echo \"error: The sandbox is not in sync with the Podfile.lock. Run 'pod install' or update your CocoaPods installation.\" >&2\n    exit 1\nfi\n# This output is used by Xcode 'outputs' to avoid re-running this script phase.\necho \"SUCCESS\" > \"${SCRIPT_OUTPUT_FILE_0}\"\n";
			showEnvVarsInLog = 0;
		};
		D79D8750FA8AA70E7A6F20AF /* [CP] Copy Pods Resources */ = {
			isa = PBXShellScriptBuildPhase;
			buildActionMask = 2147483647;
			files = (
			);
			inputPaths = (
			);
			name = "[CP] Copy Pods Resources";
			outputPaths = (
			);
			runOnlyForDeploymentPostprocessing = 0;
			shellPath = /bin/sh;
			shellScript = "\"${SRCROOT}/Pods/Target Support Files/Pods-testTests/Pods-testTests-resources.sh\"\n";
			showEnvVarsInLog = 0;
		};
		E7FBFDAB816FFDEF5BE74D80 /* [CP] Embed Pods Frameworks */ = {
			isa = PBXShellScriptBuildPhase;
			buildActionMask = 2147483647;
			files = (
			);
			inputPaths = (
			);
			name = "[CP] Embed Pods Frameworks";
			outputPaths = (
			);
			runOnlyForDeploymentPostprocessing = 0;
			shellPath = /bin/sh;
			shellScript = "\"${SRCROOT}/Pods/Target Support Files/Pods-testUITests/Pods-testUITests-frameworks.sh\"\n";
			showEnvVarsInLog = 0;
		};
		EE26E31E207FDA4A00DE4EF2 /* ShellScript */ = {
			isa = PBXShellScriptBuildPhase;
			buildActionMask = 2147483647;
			files = (
			);
			inputPaths = (
			);
			outputPaths = (
			);
			runOnlyForDeploymentPostprocessing = 0;
			shellPath = /bin/sh;
			shellScript = "";
		};
/* End PBXShellScriptBuildPhase section */

/* Begin PBXSourcesBuildPhase section */
		0451C502205B530000E63C26 /* Sources */ = {
			isa = PBXSourcesBuildPhase;
			buildActionMask = 2147483647;
			files = (
				EE79F082206B2C7F00C16C7B /* ViewController.m in Sources */,
				0451C519205B530000E63C26 /* main.m in Sources */,
				0451C50B205B530000E63C26 /* AppDelegate.m in Sources */,
			);
			runOnlyForDeploymentPostprocessing = 0;
		};
		0451C51A205B530000E63C26 /* Sources */ = {
			isa = PBXSourcesBuildPhase;
			buildActionMask = 2147483647;
			files = (
			);
			runOnlyForDeploymentPostprocessing = 0;
		};
		0451C525205B530000E63C26 /* Sources */ = {
			isa = PBXSourcesBuildPhase;
			buildActionMask = 2147483647;
			files = (
			);
			runOnlyForDeploymentPostprocessing = 0;
		};
/* End PBXSourcesBuildPhase section */

/* Begin PBXTargetDependency section */
		0451C520205B530000E63C26 /* PBXTargetDependency */ = {
			isa = PBXTargetDependency;
			target = 0451C505205B530000E63C26 /* test */;
			targetProxy = 0451C51F205B530000E63C26 /* PBXContainerItemProxy */;
		};
		0451C52B205B530000E63C26 /* PBXTargetDependency */ = {
			isa = PBXTargetDependency;
			target = 0451C505205B530000E63C26 /* test */;
			targetProxy = 0451C52A205B530000E63C26 /* PBXContainerItemProxy */;
		};
/* End PBXTargetDependency section */

/* Begin PBXVariantGroup section */
		0451C50F205B530000E63C26 /* Main.storyboard */ = {
			isa = PBXVariantGroup;
			children = (
				0451C510205B530000E63C26 /* Base */,
			);
			name = Main.storyboard;
			sourceTree = "<group>";
		};
		0451C514205B530000E63C26 /* LaunchScreen.storyboard */ = {
			isa = PBXVariantGroup;
			children = (
				0451C515205B530000E63C26 /* Base */,
			);
			name = LaunchScreen.storyboard;
			sourceTree = "<group>";
		};
/* End PBXVariantGroup section */

/* Begin XCBuildConfiguration section */
		0451C530205B530000E63C26 /* Debug */ = {
			isa = XCBuildConfiguration;
			buildSettings = {
				ALWAYS_SEARCH_USER_PATHS = NO;
				CLANG_ANALYZER_NONNULL = YES;
				CLANG_ANALYZER_NUMBER_OBJECT_CONVERSION = YES_AGGRESSIVE;
				CLANG_CXX_LANGUAGE_STANDARD = "gnu++14";
				CLANG_CXX_LIBRARY = "libc++";
				CLANG_ENABLE_MODULES = YES;
				CLANG_ENABLE_OBJC_ARC = YES;
				CLANG_WARN_BLOCK_CAPTURE_AUTORELEASING = YES;
				CLANG_WARN_BOOL_CONVERSION = YES;
				CLANG_WARN_COMMA = YES;
				CLANG_WARN_CONSTANT_CONVERSION = YES;
				CLANG_WARN_DIRECT_OBJC_ISA_USAGE = YES_ERROR;
				CLANG_WARN_DOCUMENTATION_COMMENTS = YES;
				CLANG_WARN_EMPTY_BODY = YES;
				CLANG_WARN_ENUM_CONVERSION = YES;
				CLANG_WARN_INFINITE_RECURSION = YES;
				CLANG_WARN_INT_CONVERSION = YES;
				CLANG_WARN_NON_LITERAL_NULL_CONVERSION = YES;
				CLANG_WARN_OBJC_LITERAL_CONVERSION = YES;
				CLANG_WARN_OBJC_ROOT_CLASS = YES_ERROR;
				CLANG_WARN_RANGE_LOOP_ANALYSIS = YES;
				CLANG_WARN_STRICT_PROTOTYPES = YES;
				CLANG_WARN_SUSPICIOUS_MOVE = YES;
				CLANG_WARN_UNGUARDED_AVAILABILITY = YES_AGGRESSIVE;
				CLANG_WARN_UNREACHABLE_CODE = YES;
				CLANG_WARN__DUPLICATE_METHOD_MATCH = YES;
				CODE_SIGN_IDENTITY = "iPhone Developer";
				COPY_PHASE_STRIP = NO;
				DEBUG_INFORMATION_FORMAT = dwarf;
				ENABLE_STRICT_OBJC_MSGSEND = YES;
				ENABLE_TESTABILITY = YES;
				GCC_C_LANGUAGE_STANDARD = gnu11;
				GCC_DYNAMIC_NO_PIC = NO;
				GCC_NO_COMMON_BLOCKS = YES;
				GCC_OPTIMIZATION_LEVEL = 0;
				GCC_PREPROCESSOR_DEFINITIONS = (
					"DEBUG=1",
					"$(inherited)",
				);
				GCC_WARN_64_TO_32_BIT_CONVERSION = YES;
				GCC_WARN_ABOUT_RETURN_TYPE = YES_ERROR;
				GCC_WARN_UNDECLARED_SELECTOR = YES;
				GCC_WARN_UNINITIALIZED_AUTOS = YES_AGGRESSIVE;
				GCC_WARN_UNUSED_FUNCTION = YES;
				GCC_WARN_UNUSED_VARIABLE = YES;
				IPHONEOS_DEPLOYMENT_TARGET = 11.0;
				MTL_ENABLE_DEBUG_INFO = YES;
				ONLY_ACTIVE_ARCH = YES;
				SDKROOT = iphoneos;
			};
			name = Debug;
		};
		0451C531205B530000E63C26 /* Release */ = {
			isa = XCBuildConfiguration;
			buildSettings = {
				ALWAYS_SEARCH_USER_PATHS = NO;
				CLANG_ANALYZER_NONNULL = YES;
				CLANG_ANALYZER_NUMBER_OBJECT_CONVERSION = YES_AGGRESSIVE;
				CLANG_CXX_LANGUAGE_STANDARD = "gnu++14";
				CLANG_CXX_LIBRARY = "libc++";
				CLANG_ENABLE_MODULES = YES;
				CLANG_ENABLE_OBJC_ARC = YES;
				CLANG_WARN_BLOCK_CAPTURE_AUTORELEASING = YES;
				CLANG_WARN_BOOL_CONVERSION = YES;
				CLANG_WARN_COMMA = YES;
				CLANG_WARN_CONSTANT_CONVERSION = YES;
				CLANG_WARN_DIRECT_OBJC_ISA_USAGE = YES_ERROR;
				CLANG_WARN_DOCUMENTATION_COMMENTS = YES;
				CLANG_WARN_EMPTY_BODY = YES;
				CLANG_WARN_ENUM_CONVERSION = YES;
				CLANG_WARN_INFINITE_RECURSION = YES;
				CLANG_WARN_INT_CONVERSION = YES;
				CLANG_WARN_NON_LITERAL_NULL_CONVERSION = YES;
				CLANG_WARN_OBJC_LITERAL_CONVERSION = YES;
				CLANG_WARN_OBJC_ROOT_CLASS = YES_ERROR;
				CLANG_WARN_RANGE_LOOP_ANALYSIS = YES;
				CLANG_WARN_STRICT_PROTOTYPES = YES;
				CLANG_WARN_SUSPICIOUS_MOVE = YES;
				CLANG_WARN_UNGUARDED_AVAILABILITY = YES_AGGRESSIVE;
				CLANG_WARN_UNREACHABLE_CODE = YES;
				CLANG_WARN__DUPLICATE_METHOD_MATCH = YES;
				CODE_SIGN_IDENTITY = "iPhone Developer";
				COPY_PHASE_STRIP = NO;
				DEBUG_INFORMATION_FORMAT = "dwarf-with-dsym";
				ENABLE_NS_ASSERTIONS = NO;
				ENABLE_STRICT_OBJC_MSGSEND = YES;
				ENABLE_TESTABILITY = NO;
				GCC_C_LANGUAGE_STANDARD = gnu11;
				GCC_NO_COMMON_BLOCKS = YES;
				GCC_WARN_64_TO_32_BIT_CONVERSION = YES;
				GCC_WARN_ABOUT_RETURN_TYPE = YES_ERROR;
				GCC_WARN_UNDECLARED_SELECTOR = YES;
				GCC_WARN_UNINITIALIZED_AUTOS = YES_AGGRESSIVE;
				GCC_WARN_UNUSED_FUNCTION = YES;
				GCC_WARN_UNUSED_VARIABLE = YES;
				IPHONEOS_DEPLOYMENT_TARGET = 11.0;
				MTL_ENABLE_DEBUG_INFO = NO;
				SDKROOT = iphoneos;
				VALIDATE_PRODUCT = YES;
			};
			name = Release;
		};
		0451C533205B530000E63C26 /* Debug */ = {
			isa = XCBuildConfiguration;
			baseConfigurationReference = FD4A501A075DD051EDE71043 /* Pods-test.debug.xcconfig */;
			buildSettings = {
				ASSETCATALOG_COMPILER_APPICON_NAME = AppIcon;
				CLANG_ENABLE_MODULES = YES;
				CODE_SIGN_IDENTITY = "iPhone Developer";
				"CODE_SIGN_IDENTITY[sdk=iphoneos*]" = "iPhone Developer";
				CODE_SIGN_STYLE = Automatic;
				DEFINES_MODULE = YES;
				DEVELOPMENT_TEAM = XF2RH3K2CN;
				ENABLE_BITCODE = NO;
				ENABLE_TESTABILITY = NO;
				FRAMEWORK_SEARCH_PATHS = (
					"$(inherited)",
					"$(PROJECT_DIR)",
				);
				INFOPLIST_FILE = test/Info.plist;
				IPHONEOS_DEPLOYMENT_TARGET = 10.3;
				LD_RUNPATH_SEARCH_PATHS = "$(inherited) @executable_path/Frameworks";
				PRODUCT_BUNDLE_IDENTIFIER = com.totalplay.test1;
				PRODUCT_NAME = "$(TARGET_NAME)";
				PROVISIONING_PROFILE = "";
				PROVISIONING_PROFILE_SPECIFIER = "";
				SWIFT_OBJC_BRIDGING_HEADER = "test/test-Bridging-Header.h";
				SWIFT_OPTIMIZATION_LEVEL = "-Onone";
				SWIFT_VERSION = 3.3;
				TARGETED_DEVICE_FAMILY = "1,2";
				VALID_ARCHS = "arm64 armv7 armv7s i386 x86_64";
			};
			name = Debug;
		};
		0451C534205B530000E63C26 /* Release */ = {
			isa = XCBuildConfiguration;
			baseConfigurationReference = CFDE71F3EA4CDF170A33487C /* Pods-test.release.xcconfig */;
			buildSettings = {
				ASSETCATALOG_COMPILER_APPICON_NAME = AppIcon;
				CLANG_ENABLE_MODULES = YES;
				CODE_SIGN_IDENTITY = "iPhone Developer";
				"CODE_SIGN_IDENTITY[sdk=iphoneos*]" = "iPhone Developer";
				CODE_SIGN_STYLE = Automatic;
				DEFINES_MODULE = YES;
				DEVELOPMENT_TEAM = XF2RH3K2CN;
				ENABLE_BITCODE = NO;
				FRAMEWORK_SEARCH_PATHS = (
					"$(inherited)",
					"$(PROJECT_DIR)",
				);
				INFOPLIST_FILE = test/Info.plist;
				IPHONEOS_DEPLOYMENT_TARGET = 10.3;
				LD_RUNPATH_SEARCH_PATHS = "$(inherited) @executable_path/Frameworks";
				PRODUCT_BUNDLE_IDENTIFIER = com.totalplay.test1;
				PRODUCT_NAME = "$(TARGET_NAME)";
				PROVISIONING_PROFILE = "";
				PROVISIONING_PROFILE_SPECIFIER = "";
				SWIFT_OBJC_BRIDGING_HEADER = "test/test-Bridging-Header.h";
				SWIFT_VERSION = 3.3;
				TARGETED_DEVICE_FAMILY = "1,2";
				VALID_ARCHS = "arm64 armv7 armv7s i386 x86_64";
			};
			name = Release;
		};
		0451C536205B530000E63C26 /* Debug */ = {
			isa = XCBuildConfiguration;
			baseConfigurationReference = 487DDACF718CD69A7B25DA22 /* Pods-testTests.debug.xcconfig */;
			buildSettings = {
				BUNDLE_LOADER = "$(TEST_HOST)";
				CODE_SIGN_STYLE = Automatic;
				INFOPLIST_FILE = testTests/Info.plist;
				LD_RUNPATH_SEARCH_PATHS = "$(inherited) @executable_path/Frameworks @loader_path/Frameworks";
				PRODUCT_BUNDLE_IDENTIFIER = com.ios.testTests;
				PRODUCT_NAME = "$(TARGET_NAME)";
				TARGETED_DEVICE_FAMILY = "1,2";
				TEST_HOST = "$(BUILT_PRODUCTS_DIR)/test.app/test";
			};
			name = Debug;
		};
		0451C537205B530000E63C26 /* Release */ = {
			isa = XCBuildConfiguration;
			baseConfigurationReference = A823759B054A0B11DBE67B12 /* Pods-testTests.release.xcconfig */;
			buildSettings = {
				BUNDLE_LOADER = "$(TEST_HOST)";
				CODE_SIGN_STYLE = Automatic;
				INFOPLIST_FILE = testTests/Info.plist;
				LD_RUNPATH_SEARCH_PATHS = "$(inherited) @executable_path/Frameworks @loader_path/Frameworks";
				PRODUCT_BUNDLE_IDENTIFIER = com.ios.testTests;
				PRODUCT_NAME = "$(TARGET_NAME)";
				TARGETED_DEVICE_FAMILY = "1,2";
				TEST_HOST = "$(BUILT_PRODUCTS_DIR)/test.app/test";
			};
			name = Release;
		};
		0451C539205B530000E63C26 /* Debug */ = {
			isa = XCBuildConfiguration;
			baseConfigurationReference = 903D8D0C10F28FE2696A1856 /* Pods-testUITests.debug.xcconfig */;
			buildSettings = {
				CODE_SIGN_STYLE = Automatic;
				INFOPLIST_FILE = testUITests/Info.plist;
				LD_RUNPATH_SEARCH_PATHS = "$(inherited) @executable_path/Frameworks @loader_path/Frameworks";
				PRODUCT_BUNDLE_IDENTIFIER = com.ios.testUITests;
				PRODUCT_NAME = "$(TARGET_NAME)";
				TARGETED_DEVICE_FAMILY = "1,2";
				TEST_TARGET_NAME = test;
			};
			name = Debug;
		};
		0451C53A205B530000E63C26 /* Release */ = {
			isa = XCBuildConfiguration;
			baseConfigurationReference = 4C1B4636A3EA6C41E8884263 /* Pods-testUITests.release.xcconfig */;
			buildSettings = {
				CODE_SIGN_STYLE = Automatic;
				INFOPLIST_FILE = testUITests/Info.plist;
				LD_RUNPATH_SEARCH_PATHS = "$(inherited) @executable_path/Frameworks @loader_path/Frameworks";
				PRODUCT_BUNDLE_IDENTIFIER = com.ios.testUITests;
				PRODUCT_NAME = "$(TARGET_NAME)";
				TARGETED_DEVICE_FAMILY = "1,2";
				TEST_TARGET_NAME = test;
			};
			name = Release;
		};
/* End XCBuildConfiguration section */

/* Begin XCConfigurationList section */
		0451C501205B530000E63C26 /* Build configuration list for PBXProject "test" */ = {
			isa = XCConfigurationList;
			buildConfigurations = (
				0451C530205B530000E63C26 /* Debug */,
				0451C531205B530000E63C26 /* Release */,
			);
			defaultConfigurationIsVisible = 0;
			defaultConfigurationName = Release;
		};
		0451C532205B530000E63C26 /* Build configuration list for PBXNativeTarget "test" */ = {
			isa = XCConfigurationList;
			buildConfigurations = (
				0451C533205B530000E63C26 /* Debug */,
				0451C534205B530000E63C26 /* Release */,
			);
			defaultConfigurationIsVisible = 0;
			defaultConfigurationName = Release;
		};
		0451C535205B530000E63C26 /* Build configuration list for PBXNativeTarget "testTests" */ = {
			isa = XCConfigurationList;
			buildConfigurations = (
				0451C536205B530000E63C26 /* Debug */,
				0451C537205B530000E63C26 /* Release */,
			);
			defaultConfigurationIsVisible = 0;
			defaultConfigurationName = Release;
		};
		0451C538205B530000E63C26 /* Build configuration list for PBXNativeTarget "testUITests" */ = {
			isa = XCConfigurationList;
			buildConfigurations = (
				0451C539205B530000E63C26 /* Debug */,
				0451C53A205B530000E63C26 /* Release */,
			);
			defaultConfigurationIsVisible = 0;
			defaultConfigurationName = Release;
		};
/* End XCConfigurationList section */
	};
	rootObject = 0451C4FE205B530000E63C26 /* Project object */;
}
