PODS:
  - ActionSheetPicker-3.0 (2.3.0)
  - Alamofire (4.7.2)
  - Alamofire-Synchronous (4.0.0):
    - Alamofire (~> 4.0)
  - AlamofireObjectMapper (5.0.0):
    - Alamofire (~> 4.1)
    - ObjectMapper (~> 3.0)
  - CardIO (5.4.1)
  - CreditCardForm (0.1.7)
  - CreditCardValidator (0.4)
  - IPDFCameraViewController (0.0.1)
  - IQKeyboardManagerSwift (5.0.4)
  - moa (9.0.2)
  - ObjectMapper (3.1.0)
  - PKHUD (5.0.0)
  - Realm (3.4.0):
    - Realm/Headers (= 3.4.0)
  - Realm/Headers (3.4.0)
  - RealmSwift (3.4.0):
    - Realm (= 3.4.0)
  - UICircularProgressRing (2.0.0)

DEPENDENCIES:
  - ActionSheetPicker-3.0
  - Alamofire
  - Alamofire-Synchronous
  - AlamofireObjectMapper
  - CardIO
  - CreditCardForm
  - CreditCardValidator
  - IPDFCameraViewController
  - IQKeyboardManagerSwift (= 5.0.4)
  - moa
  - PKHUD
  - RealmSwift
  - UICircularProgressRing

SPEC CHECKSUMS:
  ActionSheetPicker-3.0: eef157d75e151f255c5333d26656c7fbfe905a51
  Alamofire: e4fa87002c137ba2d8d634d2c51fabcda0d5c223
  Alamofire-Synchronous: eedf1e6e961c3795a63c74990b3f7d9fbfac7e50
  AlamofireObjectMapper: 5fafc816351cbbc0d486611aaeba7461c0cbad49
  CardIO: 56983b39b62f495fc6dae9ad7cf875143df06443
  CreditCardForm: 66f0ce5a12182000a457d56f5630049efd3432df
  CreditCardValidator: 9f0814dd61682c004071a250d89327ca83514a48
  IPDFCameraViewController: c7e346c760d39ed7a137121bedfcecfde041cde6
  IQKeyboardManagerSwift: a0592bb636b10a9a1cf75d2b2c61144226226c84
  moa: b73dc5e0efa1fad00711c4608e41b197f4d15b12
  ObjectMapper: 20505058f54e5c3ca69e1d6de9897d152a5369a6
  PKHUD: 3c001512c6e002091184197a8de7a20420786e3b
  Realm: 9527c7baa2260f3a3aad6823d2d71cafff9b046b
  RealmSwift: f40a747beaea1cadde7dcef41ee5a34b3001677b
  UICircularProgressRing: f41663e98c0f40b4794461a4209a67569ea2cc28

PODFILE CHECKSUM: b895206aafcfe56eed9b7d66d9c4889590892bc5

COCOAPODS: 1.4.0
